
Microsoft Visual Studio Solution File, Format Version 12.00
# Visual Studio Version 17
VisualStudioVersion = 17.4.33205.214
MinimumVisualStudioVersion = 10.0.40219.1
Project("{FAE04EC0-301F-11D3-BF4B-00C04F79EFBC}") = "[ProjectName]", "[ProjectName].csproj", "{7A70819C-5317-402A-8553-95C5A001E370}"
EndProject
Global
	GlobalSection(SolutionConfigurationPlatforms) = preSolution
		Debug|Any CPU = Debug|Any CPU
		Release|Any CPU = Release|Any CPU
	EndGlobalSection
	GlobalSection(ProjectConfigurationPlatforms) = postSolution
		{7A70819C-5317-402A-8553-95C5A001E370}.Debug|Any CPU.ActiveCfg = Debug|Any CPU
		{7A70819C-5317-402A-8553-95C5A001E370}.Debug|Any CPU.Build.0 = Debug|Any CPU
		{7A70819C-5317-402A-8553-95C5A001E370}.Release|Any CPU.ActiveCfg = Release|Any CPU
		{7A70819C-5317-402A-8553-95C5A001E370}.Release|Any CPU.Build.0 = Release|Any CPU
	EndGlobalSection
	GlobalSection(SolutionProperties) = preSolution
		HideSolutionNode = FALSE
	EndGlobalSection
	GlobalSection(ExtensibilityGlobals) = postSolution
		SolutionGuid = {B5D43D8D-D80B-41AA-BE40-1DC507D87148}
	EndGlobalSection
EndGlobal
