
Microsoft Visual Studio Solution File, Format Version 12.00
# Visual Studio Version 17
VisualStudioVersion = 17.4.33205.214
MinimumVisualStudioVersion = 10.0.40219.1
Project("{FAE04EC0-301F-11D3-BF4B-00C04F79EFBC}") = "SandboxProject", "SandboxProject.csproj", "{7A70819C-5317-402A-8553-95C5A001E370}"
EndProject
Project("{9A19103F-16F7-4668-BE54-9A1E7A4F7556}") = "ScriptCore", "..\..\..\..\ScriptCore\ScriptCore.csproj", "{6222C226-FC78-498C-80BA-5CF10AC9123C}"
EndProject
Project("{FAE04EC0-301F-11D3-BF4B-00C04F79EFBC}") = "ScriptCoreGenerator", "..\..\..\..\ScriptCoreGenerator\ScriptCoreGenerator.csproj", "{5D662996-1E1E-4170-A08A-B26CDB63A0DE}"
EndProject
Global
	GlobalSection(SolutionConfigurationPlatforms) = preSolution
		Debug|Any CPU = Debug|Any CPU
		Release|Any CPU = Release|Any CPU
	EndGlobalSection
	GlobalSection(ProjectConfigurationPlatforms) = postSolution
		{7A70819C-5317-402A-8553-95C5A001E370}.Debug|Any CPU.ActiveCfg = Debug|Any CPU
		{7A70819C-5317-402A-8553-95C5A001E370}.Debug|Any CPU.Build.0 = Debug|Any CPU
		{7A70819C-5317-402A-8553-95C5A001E370}.Release|Any CPU.ActiveCfg = Release|Any CPU
		{7A70819C-5317-402A-8553-95C5A001E370}.Release|Any CPU.Build.0 = Release|Any CPU
		{6222C226-FC78-498C-80BA-5CF10AC9123C}.Debug|Any CPU.ActiveCfg = Debug|Any CPU
		{6222C226-FC78-498C-80BA-5CF10AC9123C}.Debug|Any CPU.Build.0 = Debug|Any CPU
		{6222C226-FC78-498C-80BA-5CF10AC9123C}.Release|Any CPU.ActiveCfg = Release|Any CPU
		{6222C226-FC78-498C-80BA-5CF10AC9123C}.Release|Any CPU.Build.0 = Release|Any CPU
		{5D662996-1E1E-4170-A08A-B26CDB63A0DE}.Debug|Any CPU.ActiveCfg = Debug|Any CPU
		{5D662996-1E1E-4170-A08A-B26CDB63A0DE}.Debug|Any CPU.Build.0 = Debug|Any CPU
		{5D662996-1E1E-4170-A08A-B26CDB63A0DE}.Release|Any CPU.ActiveCfg = Release|Any CPU
		{5D662996-1E1E-4170-A08A-B26CDB63A0DE}.Release|Any CPU.Build.0 = Release|Any CPU
	EndGlobalSection
	GlobalSection(SolutionProperties) = preSolution
		HideSolutionNode = FALSE
	EndGlobalSection
	GlobalSection(ExtensibilityGlobals) = postSolution
		SolutionGuid = {B5D43D8D-D80B-41AA-BE40-1DC507D87148}
	EndGlobalSection
EndGlobal
