
Microsoft Visual Studio Solution File, Format Version 12.00
# Visual Studio Version 17
VisualStudioVersion = 17.1.32328.378
MinimumVisualStudioVersion = 10.0.40219.1
Project("{9A19103F-16F7-4668-BE54-9A1E7A4F7556}") = "DotNetScriptingHelper", "DotNetScriptingHelper.csproj", "{4B439162-2FA7-494E-A459-8F6D34FED80C}"
EndProject
Global
	GlobalSection(SolutionConfigurationPlatforms) = preSolution
		Debug|Any CPU = Debug|Any CPU
		Release|Any CPU = Release|Any CPU
	EndGlobalSection
	GlobalSection(ProjectConfigurationPlatforms) = postSolution
		{4B439162-2FA7-494E-A459-8F6D34FED80C}.Debug|Any CPU.ActiveCfg = Debug|Any CPU
		{4B439162-2FA7-494E-A459-8F6D34FED80C}.Debug|Any CPU.Build.0 = Debug|Any CPU
		{4B439162-2FA7-494E-A459-8F6D34FED80C}.Release|Any CPU.ActiveCfg = Release|Any CPU
		{4B439162-2FA7-494E-A459-8F6D34FED80C}.Release|Any CPU.Build.0 = Release|Any CPU
	EndGlobalSection
	GlobalSection(SolutionProperties) = preSolution
		HideSolutionNode = FALSE
	EndGlobalSection
	GlobalSection(ExtensibilityGlobals) = postSolution
		SolutionGuid = {968CFBCF-61D9-404C-83CC-0F616E89DA10}
	EndGlobalSection
EndGlobal
